alabaster==0.7.10
addict==2.4.0
asgiref==3.8.1
attrs==17.4.0
Babel==2.5.3
cached-property==2.0.1
certifi==2025.1.31
chardet==3.0.4
charset-normalizer==3.4.1
coverage==4.5.1
Django==3.2.25
django-autocomplete-light==3.9.7
-e git+git@github.com:Princeton-CDH/djiffy.git@8782695e55225099f31dce08bb7fd71d61f16b52#egg=djiffy
docutils==0.14
future==0.16.0
idna==3.10
imagesize==1.0.0
isodate==0.6.0
Jinja2==2.10
MarkupSafe==1.0
more-itertools==4.1.0
mysqlclient==1.3.12
packaging==17.1
piffle==0.6.1
pluggy==0.6.0
py==1.5.3
Pygments==2.2.0
pyparsing==3.2.3
pytest==3.5.0
pytest-cov==2.5.1
pytest-django==3.1.2
pytz==2018.4
rdflib==7.1.4
rdflib-jsonld==0.4.0
requests==2.32.3
six==1.17.0
snowballstemmer==1.2.1
Sphinx==1.7.2
sphinxcontrib-websupport==1.0.1
sqlparse==0.5.3
urllib3==2.3.0
